{
  "requires": true,
  "lockfileVersion": 1,
  "dependencies": {
    "python-shell": {
      "version": "2.0.3",
      "resolved": "https://registry.npmjs.org/python-shell/-/python-shell-2.0.3.tgz",
      "integrity": "sha512-SBYQzXjexcxmmgzpjdIVxum9tj4Zaov1jNuSGMLssPxRhZ7lxqlpuEtLT0TEed0RAqhGfx2YFVC+imCJOmkVHg=="
    }
  }
}
